
Microsoft Visual Studio Solution File, Format Version 12.00
# Visual Studio Version 16
VisualStudioVersion = 16.0.29424.173
MinimumVisualStudioVersion = 10.0.40219.1
Project("{FAE04EC0-301F-11D3-BF4B-00C04F79EFBC}") = "FavatGestioneDocumentiApp", "FavatGestioneDocumentiApp\FavatGestioneDocumentiApp.csproj", "{7B2AC1E1-A967-442E-BE19-0D506B1BD93D}"
EndProject
Global
	GlobalSection(SolutionConfigurationPlatforms) = preSolution
		Debug|Any CPU = Debug|Any CPU
		Release|Any CPU = Release|Any CPU
	EndGlobalSection
	GlobalSection(ProjectConfigurationPlatforms) = postSolution
		{7B2AC1E1-A967-442E-BE19-0D506B1BD93D}.Debug|Any CPU.ActiveCfg = Debug|Any CPU
		{7B2AC1E1-A967-442E-BE19-0D506B1BD93D}.Debug|Any CPU.Build.0 = Debug|Any CPU
		{7B2AC1E1-A967-442E-BE19-0D506B1BD93D}.Release|Any CPU.ActiveCfg = Release|Any CPU
		{7B2AC1E1-A967-442E-BE19-0D506B1BD93D}.Release|Any CPU.Build.0 = Release|Any CPU
	EndGlobalSection
	GlobalSection(SolutionProperties) = preSolution
		HideSolutionNode = FALSE
	EndGlobalSection
	GlobalSection(ExtensibilityGlobals) = postSolution
		SolutionGuid = {42A7984F-1B1A-4843-9BC6-CCC88C001C92}
	EndGlobalSection
EndGlobal
